#include <iostream>
#include <climits>
int findMaxIndex(const int mas[], int size) {//оголошення функціії ля пошуку мінімального значення
    int maxIndex = 0; //початкове значення
    for (int i = 1; i < size; i++) { //цикл для обчислення
        if (mas[i] > mas[maxIndex]) {
            maxIndex = i;
        }
    }
    return maxIndex;}//вивести максимальне
int findMinIndex(const int mas[], int size) {
    // оголошення функціії ля пошуку максимального значення
    int minIndex = 0;
    for (int i = 1; i < size; i++) {
        if (mas[i] < mas[minIndex]) {
            minIndex = i;
        }
    }
    return minIndex;//вивести мінімальне
}
int main() {
    setlocale(LC_ALL, "ukr");
    int mas[10], i;//прописати масив 
    std::cout << "Введіть 10 значень масиву: \n ";//значення введені юзером
    for (i = 0; i < 10; i++) {
        std::cin >> mas[i];}//опрацювання ком'ютером масива
    int minIndex = findMinIndex(mas, 10);
    int maxIndex = findMaxIndex(mas, 10);
    int distance = maxIndex - minIndex;//оголошення змінних для виведення кінцевих результатів
    std::cout << "Позиція мінімального елемента: " << minIndex << std::endl;
    std::cout << "Позиція максимального елемента: " << maxIndex << std::endl;
    std::cout << "Відстань від максимального до мінімального: " << distance << std::endl;//виведення кінцевих результатів
    return 0;}
